
Microsoft Visual Studio Solution File, Format Version 12.00
# Visual Studio 2012
Project("{FAE04EC0-301F-11D3-BF4B-00C04F79EFBC}") = "GTD.WP", "GTD.WP\GTD.WP.csproj", "{B9BF9C54-568B-479E-8242-14DA9B239F8D}"
EndProject
Project("{FAE04EC0-301F-11D3-BF4B-00C04F79EFBC}") = "GTD.Metro", "GTD.Metro\GTD.Metro.csproj", "{FC7E0D2E-8132-4871-B4ED-AAFB664772CA}"
EndProject
Project("{FAE04EC0-301F-11D3-BF4B-00C04F79EFBC}") = "GTD.Metro.Test", "GTD.Metro.Test\GTD.Metro.Test.csproj", "{476EA025-914B-419F-9675-B43CAC004830}"
EndProject
Global
	GlobalSection(SolutionConfigurationPlatforms) = preSolution
		Debug|Any CPU = Debug|Any CPU
		Debug|ARM = Debug|ARM
		Debug|x64 = Debug|x64
		Debug|x86 = Debug|x86
		Release|Any CPU = Release|Any CPU
		Release|ARM = Release|ARM
		Release|x64 = Release|x64
		Release|x86 = Release|x86
	EndGlobalSection
	GlobalSection(ProjectConfigurationPlatforms) = postSolution
		{B9BF9C54-568B-479E-8242-14DA9B239F8D}.Debug|Any CPU.ActiveCfg = Debug|Any CPU
		{B9BF9C54-568B-479E-8242-14DA9B239F8D}.Debug|Any CPU.Build.0 = Debug|Any CPU
		{B9BF9C54-568B-479E-8242-14DA9B239F8D}.Debug|Any CPU.Deploy.0 = Debug|Any CPU
		{B9BF9C54-568B-479E-8242-14DA9B239F8D}.Debug|ARM.ActiveCfg = Debug|Any CPU
		{B9BF9C54-568B-479E-8242-14DA9B239F8D}.Debug|x64.ActiveCfg = Debug|Any CPU
		{B9BF9C54-568B-479E-8242-14DA9B239F8D}.Debug|x86.ActiveCfg = Debug|Any CPU
		{B9BF9C54-568B-479E-8242-14DA9B239F8D}.Release|Any CPU.ActiveCfg = Release|Any CPU
		{B9BF9C54-568B-479E-8242-14DA9B239F8D}.Release|Any CPU.Build.0 = Release|Any CPU
		{B9BF9C54-568B-479E-8242-14DA9B239F8D}.Release|Any CPU.Deploy.0 = Release|Any CPU
		{B9BF9C54-568B-479E-8242-14DA9B239F8D}.Release|ARM.ActiveCfg = Release|Any CPU
		{B9BF9C54-568B-479E-8242-14DA9B239F8D}.Release|x64.ActiveCfg = Release|Any CPU
		{B9BF9C54-568B-479E-8242-14DA9B239F8D}.Release|x86.ActiveCfg = Release|Any CPU
		{FC7E0D2E-8132-4871-B4ED-AAFB664772CA}.Debug|Any CPU.ActiveCfg = Debug|Any CPU
		{FC7E0D2E-8132-4871-B4ED-AAFB664772CA}.Debug|Any CPU.Build.0 = Debug|Any CPU
		{FC7E0D2E-8132-4871-B4ED-AAFB664772CA}.Debug|Any CPU.Deploy.0 = Debug|Any CPU
		{FC7E0D2E-8132-4871-B4ED-AAFB664772CA}.Debug|ARM.ActiveCfg = Debug|ARM
		{FC7E0D2E-8132-4871-B4ED-AAFB664772CA}.Debug|ARM.Build.0 = Debug|ARM
		{FC7E0D2E-8132-4871-B4ED-AAFB664772CA}.Debug|ARM.Deploy.0 = Debug|ARM
		{FC7E0D2E-8132-4871-B4ED-AAFB664772CA}.Debug|x64.ActiveCfg = Debug|x64
		{FC7E0D2E-8132-4871-B4ED-AAFB664772CA}.Debug|x64.Build.0 = Debug|x64
		{FC7E0D2E-8132-4871-B4ED-AAFB664772CA}.Debug|x64.Deploy.0 = Debug|x64
		{FC7E0D2E-8132-4871-B4ED-AAFB664772CA}.Debug|x86.ActiveCfg = Debug|x86
		{FC7E0D2E-8132-4871-B4ED-AAFB664772CA}.Debug|x86.Build.0 = Debug|x86
		{FC7E0D2E-8132-4871-B4ED-AAFB664772CA}.Debug|x86.Deploy.0 = Debug|x86
		{FC7E0D2E-8132-4871-B4ED-AAFB664772CA}.Release|Any CPU.ActiveCfg = Release|Any CPU
		{FC7E0D2E-8132-4871-B4ED-AAFB664772CA}.Release|Any CPU.Build.0 = Release|Any CPU
		{FC7E0D2E-8132-4871-B4ED-AAFB664772CA}.Release|Any CPU.Deploy.0 = Release|Any CPU
		{FC7E0D2E-8132-4871-B4ED-AAFB664772CA}.Release|ARM.ActiveCfg = Release|ARM
		{FC7E0D2E-8132-4871-B4ED-AAFB664772CA}.Release|ARM.Build.0 = Release|ARM
		{FC7E0D2E-8132-4871-B4ED-AAFB664772CA}.Release|ARM.Deploy.0 = Release|ARM
		{FC7E0D2E-8132-4871-B4ED-AAFB664772CA}.Release|x64.ActiveCfg = Release|x64
		{FC7E0D2E-8132-4871-B4ED-AAFB664772CA}.Release|x64.Build.0 = Release|x64
		{FC7E0D2E-8132-4871-B4ED-AAFB664772CA}.Release|x64.Deploy.0 = Release|x64
		{FC7E0D2E-8132-4871-B4ED-AAFB664772CA}.Release|x86.ActiveCfg = Release|x86
		{FC7E0D2E-8132-4871-B4ED-AAFB664772CA}.Release|x86.Build.0 = Release|x86
		{FC7E0D2E-8132-4871-B4ED-AAFB664772CA}.Release|x86.Deploy.0 = Release|x86
		{476EA025-914B-419F-9675-B43CAC004830}.Debug|Any CPU.ActiveCfg = Debug|Any CPU
		{476EA025-914B-419F-9675-B43CAC004830}.Debug|Any CPU.Build.0 = Debug|Any CPU
		{476EA025-914B-419F-9675-B43CAC004830}.Debug|Any CPU.Deploy.0 = Debug|Any CPU
		{476EA025-914B-419F-9675-B43CAC004830}.Debug|ARM.ActiveCfg = Debug|ARM
		{476EA025-914B-419F-9675-B43CAC004830}.Debug|ARM.Build.0 = Debug|ARM
		{476EA025-914B-419F-9675-B43CAC004830}.Debug|ARM.Deploy.0 = Debug|ARM
		{476EA025-914B-419F-9675-B43CAC004830}.Debug|x64.ActiveCfg = Debug|x64
		{476EA025-914B-419F-9675-B43CAC004830}.Debug|x64.Build.0 = Debug|x64
		{476EA025-914B-419F-9675-B43CAC004830}.Debug|x64.Deploy.0 = Debug|x64
		{476EA025-914B-419F-9675-B43CAC004830}.Debug|x86.ActiveCfg = Debug|x86
		{476EA025-914B-419F-9675-B43CAC004830}.Debug|x86.Build.0 = Debug|x86
		{476EA025-914B-419F-9675-B43CAC004830}.Debug|x86.Deploy.0 = Debug|x86
		{476EA025-914B-419F-9675-B43CAC004830}.Release|Any CPU.ActiveCfg = Release|Any CPU
		{476EA025-914B-419F-9675-B43CAC004830}.Release|Any CPU.Build.0 = Release|Any CPU
		{476EA025-914B-419F-9675-B43CAC004830}.Release|Any CPU.Deploy.0 = Release|Any CPU
		{476EA025-914B-419F-9675-B43CAC004830}.Release|ARM.ActiveCfg = Release|ARM
		{476EA025-914B-419F-9675-B43CAC004830}.Release|ARM.Build.0 = Release|ARM
		{476EA025-914B-419F-9675-B43CAC004830}.Release|ARM.Deploy.0 = Release|ARM
		{476EA025-914B-419F-9675-B43CAC004830}.Release|x64.ActiveCfg = Release|x64
		{476EA025-914B-419F-9675-B43CAC004830}.Release|x64.Build.0 = Release|x64
		{476EA025-914B-419F-9675-B43CAC004830}.Release|x64.Deploy.0 = Release|x64
		{476EA025-914B-419F-9675-B43CAC004830}.Release|x86.ActiveCfg = Release|x86
		{476EA025-914B-419F-9675-B43CAC004830}.Release|x86.Build.0 = Release|x86
		{476EA025-914B-419F-9675-B43CAC004830}.Release|x86.Deploy.0 = Release|x86
	EndGlobalSection
	GlobalSection(SolutionProperties) = preSolution
		HideSolutionNode = FALSE
	EndGlobalSection
EndGlobal
